
Microsoft Visual Studio Solution File, Format Version 12.00
# Visual Studio Version 17
VisualStudioVersion = 17.11.35303.130
MinimumVisualStudioVersion = 10.0.40219.1
Project("{FAE04EC0-301F-11D3-BF4B-00C04F79EFBC}") = "Web_Ban_Hang", "Web_Ban_Hang\Web_Ban_Hang.csproj", "{11A3760E-88BB-404B-93EA-ABB97608834C}"
EndProject
Global
	GlobalSection(SolutionConfigurationPlatforms) = preSolution
		Debug|Any CPU = Debug|Any CPU
		Release|Any CPU = Release|Any CPU
	EndGlobalSection
	GlobalSection(ProjectConfigurationPlatforms) = postSolution
		{11A3760E-88BB-404B-93EA-ABB97608834C}.Debug|Any CPU.ActiveCfg = Debug|Any CPU
		{11A3760E-88BB-404B-93EA-ABB97608834C}.Debug|Any CPU.Build.0 = Debug|Any CPU
		{11A3760E-88BB-404B-93EA-ABB97608834C}.Release|Any CPU.ActiveCfg = Release|Any CPU
		{11A3760E-88BB-404B-93EA-ABB97608834C}.Release|Any CPU.Build.0 = Release|Any CPU
	EndGlobalSection
	GlobalSection(SolutionProperties) = preSolution
		HideSolutionNode = FALSE
	EndGlobalSection
	GlobalSection(ExtensibilityGlobals) = postSolution
		SolutionGuid = {3DFCFEA6-BED8-40AE-883D-728673A5CE74}
	EndGlobalSection
EndGlobal
